# This file is automatically @generated by Cargo.
# It is not intended for manual editing.
version = 4

[[package]]
name = "axum-magic-link"
version = "0.1.0"

[[package]]
name = "dd-auth-token-core"
version = "0.1.0"
dependencies = [
 "dd-pow-core",
]

[[package]]
name = "dd-magic-link-aws"
version = "0.1.0"
dependencies = [
 "dd-magic-link-service",
]

[[package]]
name = "dd-magic-link-axum"
version = "0.1.0"
dependencies = [
 "dd-magic-link-service",
]

[[package]]
name = "dd-magic-link-core"
version = "0.1.0"
dependencies = [
 "dd-auth-token-core",
 "dd-pow-core",
]

[[package]]
name = "dd-magic-link-service"
version = "0.1.0"
dependencies = [
 "dd-auth-token-core",
 "dd-magic-link-core",
 "dd-pow-core",
]

[[package]]
name = "dd-pow-core"
version = "0.1.0"
